
Microsoft Visual Studio Solution File, Format Version 12.00
# Visual Studio Version 17
VisualStudioVersion = 17.11.35312.102
MinimumVisualStudioVersion = 10.0.40219.1
Project("{2150E333-8FDC-42A3-9474-1A3956D46DE8}") = "Task0", "Task0", "{E1C7E8E2-BCB3-42F7-90B7-7CBD8991E810}"
EndProject
Project("{FAE04EC0-301F-11D3-BF4B-00C04F79EFBC}") = "Tyuiu.FamutdinovaJI.Sprint4.Task0.V22", "Tyuiu.FamutdinovaJI.Sprint4.Task0.V22\Tyuiu.FamutdinovaJI.Sprint4.Task0.V22.csproj", "{02AEF769-9450-4A2A-B827-DB5B5BBC2AAF}"
EndProject
Project("{FAE04EC0-301F-11D3-BF4B-00C04F79EFBC}") = "Tyuiu.FamutdinovaJI.Sprint4.Task0.V22.Lib", "Tyuiu.FamutdinovaJI.Sprint4.Task0.V22.Lib\Tyuiu.FamutdinovaJI.Sprint4.Task0.V22.Lib.csproj", "{2134D445-59BD-4D66-BF6B-76A286436EB0}"
EndProject
Project("{FAE04EC0-301F-11D3-BF4B-00C04F79EFBC}") = "Tyuiu.FamutdinovaJI.Sprint4.Task0.V22.Test", "Tyuiu.FamutdinovaJI.Sprint4.Task0.V22.Test\Tyuiu.FamutdinovaJI.Sprint4.Task0.V22.Test.csproj", "{0E689518-2FAA-46D3-A10C-D0EA18026ADB}"
EndProject
Project("{2150E333-8FDC-42A3-9474-1A3956D46DE8}") = "Task1", "Task1", "{21E30655-4E21-4B86-8A19-235B920BFC89}"
EndProject
Project("{FAE04EC0-301F-11D3-BF4B-00C04F79EFBC}") = "Tyuiu.FamutdinovaJI.Sprint4.Task1.V19", "Tyuiu.FamutdinovaJI.Sprint4.Task1.V19\Tyuiu.FamutdinovaJI.Sprint4.Task1.V19.csproj", "{3E26FC00-1594-433B-899E-5EEA086A2B21}"
EndProject
Project("{FAE04EC0-301F-11D3-BF4B-00C04F79EFBC}") = "Tyuiu.FamutdinovaJI.Sprint4.Task1.V19.Lib", "Tyuiu.FamutdinovaJI.Sprint4.Task1.V19.Lib\Tyuiu.FamutdinovaJI.Sprint4.Task1.V19.Lib.csproj", "{FDFD616E-65A5-4D2F-A42F-D5323E2C8305}"
EndProject
Project("{FAE04EC0-301F-11D3-BF4B-00C04F79EFBC}") = "Tyuiu.FamutdinovaJI.Sprint4.Task1.V19.Test", "Tyuiu.FamutdinovaJI.Sprint4.Task1.V19.Test\Tyuiu.FamutdinovaJI.Sprint4.Task1.V19.Test.csproj", "{F8431612-D8B4-4B0F-9737-E5FE0D903C40}"
EndProject
Project("{2150E333-8FDC-42A3-9474-1A3956D46DE8}") = "Task2", "Task2", "{B671E4D2-C711-44B1-ABE8-383821D906E3}"
EndProject
Project("{FAE04EC0-301F-11D3-BF4B-00C04F79EFBC}") = "Tyuiu.FamutdinovaJI.Sprint4.Task2.V6", "Tyuiu.FamutdinovaJI.Sprint4.Task2.V6\Tyuiu.FamutdinovaJI.Sprint4.Task2.V6.csproj", "{39CEF52B-6762-48C1-9674-376D090F1E06}"
EndProject
Project("{FAE04EC0-301F-11D3-BF4B-00C04F79EFBC}") = "Tyuiu.FamutdinovaJI.Sprint4.Task2.V6.Lib", "Tyuiu.FamutdinovaJI.Sprint4.Task2.V6.Lib\Tyuiu.FamutdinovaJI.Sprint4.Task2.V6.Lib.csproj", "{CF791CF4-12F6-4207-99B9-457E9020EEE3}"
EndProject
Project("{FAE04EC0-301F-11D3-BF4B-00C04F79EFBC}") = "Tyuiu.FamutdinovaJI.Sprint4.Task2.V6.Test", "Tyuiu.FamutdinovaJI.Sprint4.Task2.V6.Test\Tyuiu.FamutdinovaJI.Sprint4.Task2.V6.Test.csproj", "{F824B535-C774-433D-AFA8-A3353A686417}"
EndProject
Global
	GlobalSection(SolutionConfigurationPlatforms) = preSolution
		Debug|Any CPU = Debug|Any CPU
		Release|Any CPU = Release|Any CPU
	EndGlobalSection
	GlobalSection(ProjectConfigurationPlatforms) = postSolution
		{02AEF769-9450-4A2A-B827-DB5B5BBC2AAF}.Debug|Any CPU.ActiveCfg = Debug|Any CPU
		{02AEF769-9450-4A2A-B827-DB5B5BBC2AAF}.Debug|Any CPU.Build.0 = Debug|Any CPU
		{02AEF769-9450-4A2A-B827-DB5B5BBC2AAF}.Release|Any CPU.ActiveCfg = Release|Any CPU
		{02AEF769-9450-4A2A-B827-DB5B5BBC2AAF}.Release|Any CPU.Build.0 = Release|Any CPU
		{2134D445-59BD-4D66-BF6B-76A286436EB0}.Debug|Any CPU.ActiveCfg = Debug|Any CPU
		{2134D445-59BD-4D66-BF6B-76A286436EB0}.Debug|Any CPU.Build.0 = Debug|Any CPU
		{2134D445-59BD-4D66-BF6B-76A286436EB0}.Release|Any CPU.ActiveCfg = Release|Any CPU
		{2134D445-59BD-4D66-BF6B-76A286436EB0}.Release|Any CPU.Build.0 = Release|Any CPU
		{0E689518-2FAA-46D3-A10C-D0EA18026ADB}.Debug|Any CPU.ActiveCfg = Debug|Any CPU
		{0E689518-2FAA-46D3-A10C-D0EA18026ADB}.Debug|Any CPU.Build.0 = Debug|Any CPU
		{0E689518-2FAA-46D3-A10C-D0EA18026ADB}.Release|Any CPU.ActiveCfg = Release|Any CPU
		{0E689518-2FAA-46D3-A10C-D0EA18026ADB}.Release|Any CPU.Build.0 = Release|Any CPU
		{3E26FC00-1594-433B-899E-5EEA086A2B21}.Debug|Any CPU.ActiveCfg = Debug|Any CPU
		{3E26FC00-1594-433B-899E-5EEA086A2B21}.Debug|Any CPU.Build.0 = Debug|Any CPU
		{3E26FC00-1594-433B-899E-5EEA086A2B21}.Release|Any CPU.ActiveCfg = Release|Any CPU
		{3E26FC00-1594-433B-899E-5EEA086A2B21}.Release|Any CPU.Build.0 = Release|Any CPU
		{FDFD616E-65A5-4D2F-A42F-D5323E2C8305}.Debug|Any CPU.ActiveCfg = Debug|Any CPU
		{FDFD616E-65A5-4D2F-A42F-D5323E2C8305}.Debug|Any CPU.Build.0 = Debug|Any CPU
		{FDFD616E-65A5-4D2F-A42F-D5323E2C8305}.Release|Any CPU.ActiveCfg = Release|Any CPU
		{FDFD616E-65A5-4D2F-A42F-D5323E2C8305}.Release|Any CPU.Build.0 = Release|Any CPU
		{F8431612-D8B4-4B0F-9737-E5FE0D903C40}.Debug|Any CPU.ActiveCfg = Debug|Any CPU
		{F8431612-D8B4-4B0F-9737-E5FE0D903C40}.Debug|Any CPU.Build.0 = Debug|Any CPU
		{F8431612-D8B4-4B0F-9737-E5FE0D903C40}.Release|Any CPU.ActiveCfg = Release|Any CPU
		{F8431612-D8B4-4B0F-9737-E5FE0D903C40}.Release|Any CPU.Build.0 = Release|Any CPU
		{39CEF52B-6762-48C1-9674-376D090F1E06}.Debug|Any CPU.ActiveCfg = Debug|Any CPU
		{39CEF52B-6762-48C1-9674-376D090F1E06}.Debug|Any CPU.Build.0 = Debug|Any CPU
		{39CEF52B-6762-48C1-9674-376D090F1E06}.Release|Any CPU.ActiveCfg = Release|Any CPU
		{39CEF52B-6762-48C1-9674-376D090F1E06}.Release|Any CPU.Build.0 = Release|Any CPU
		{CF791CF4-12F6-4207-99B9-457E9020EEE3}.Debug|Any CPU.ActiveCfg = Debug|Any CPU
		{CF791CF4-12F6-4207-99B9-457E9020EEE3}.Debug|Any CPU.Build.0 = Debug|Any CPU
		{CF791CF4-12F6-4207-99B9-457E9020EEE3}.Release|Any CPU.ActiveCfg = Release|Any CPU
		{CF791CF4-12F6-4207-99B9-457E9020EEE3}.Release|Any CPU.Build.0 = Release|Any CPU
		{F824B535-C774-433D-AFA8-A3353A686417}.Debug|Any CPU.ActiveCfg = Debug|Any CPU
		{F824B535-C774-433D-AFA8-A3353A686417}.Debug|Any CPU.Build.0 = Debug|Any CPU
		{F824B535-C774-433D-AFA8-A3353A686417}.Release|Any CPU.ActiveCfg = Release|Any CPU
		{F824B535-C774-433D-AFA8-A3353A686417}.Release|Any CPU.Build.0 = Release|Any CPU
	EndGlobalSection
	GlobalSection(SolutionProperties) = preSolution
		HideSolutionNode = FALSE
	EndGlobalSection
	GlobalSection(NestedProjects) = preSolution
		{02AEF769-9450-4A2A-B827-DB5B5BBC2AAF} = {E1C7E8E2-BCB3-42F7-90B7-7CBD8991E810}
		{2134D445-59BD-4D66-BF6B-76A286436EB0} = {E1C7E8E2-BCB3-42F7-90B7-7CBD8991E810}
		{0E689518-2FAA-46D3-A10C-D0EA18026ADB} = {E1C7E8E2-BCB3-42F7-90B7-7CBD8991E810}
		{3E26FC00-1594-433B-899E-5EEA086A2B21} = {21E30655-4E21-4B86-8A19-235B920BFC89}
		{FDFD616E-65A5-4D2F-A42F-D5323E2C8305} = {21E30655-4E21-4B86-8A19-235B920BFC89}
		{F8431612-D8B4-4B0F-9737-E5FE0D903C40} = {21E30655-4E21-4B86-8A19-235B920BFC89}
		{39CEF52B-6762-48C1-9674-376D090F1E06} = {B671E4D2-C711-44B1-ABE8-383821D906E3}
		{CF791CF4-12F6-4207-99B9-457E9020EEE3} = {B671E4D2-C711-44B1-ABE8-383821D906E3}
		{F824B535-C774-433D-AFA8-A3353A686417} = {B671E4D2-C711-44B1-ABE8-383821D906E3}
	EndGlobalSection
	GlobalSection(ExtensibilityGlobals) = postSolution
		SolutionGuid = {B023D396-E82B-43BA-B809-6CB81729D0EC}
	EndGlobalSection
EndGlobal
